<?xml version="1.0" encoding="utf-8"?>
<Project ToolsVersion="4.0" xmlns="http://schemas.microsoft.com/developer/msbuild/2003">
  <ItemGroup>
    <Filter Include="Source Files">
      <UniqueIdentifier>{4FC737F1-C7A5-4376-A066-2A32D752A2FF}</UniqueIdentifier>
      <Extensions>cpp;c;cc;cxx;def;odl;idl;hpj;bat;asm;asmx</Extensions>
    </Filter>
    <Filter Include="Header Files">
      <UniqueIdentifier>{93995380-89BD-4b04-88EB-625FBE52EBFB}</UniqueIdentifier>
      <Extensions>h;hh;hpp;hxx;hm;inl;inc;xsd</Extensions>
    </Filter>
    <Filter Include="Resource Files">
      <UniqueIdentifier>{67DA6AB6-F800-4c08-8B7A-83BB121AAD01}</UniqueIdentifier>
      <Extensions>rc;ico;cur;bmp;dlg;rc2;rct;bin;rgs;gif;jpg;jpeg;jpe;resx;tiff;tif;png;wav;mfcribbon-ms</Extensions>
    </Filter>
    <Filter Include="Header Files\Modeling">
      <UniqueIdentifier>{babb16fd-ae7c-4419-917d-5019253f2241}</UniqueIdentifier>
    </Filter>
    <Filter Include="Header Files\Dependencies">
      <UniqueIdentifier>{a880ce8d-bde9-46ba-a9bf-d5fbec778b48}</UniqueIdentifier>
    </Filter>
  </ItemGroup>
  <ItemGroup>
    <ClCompile Include="imageplane.cpp">
      <Filter>Source Files</Filter>
    </ClCompile>
    <ClCompile Include="main.cpp">
      <Filter>Source Files</Filter>
    </ClCompile>
    <ClCompile Include="eyeball.cpp">
      <Filter>Source Files</Filter>
    </ClCompile>
    <ClCompile Include="raysphere.cpp">
      <Filter>Source Files</Filter>
    </ClCompile>
    <ClCompile Include="glad.c">
      <Filter>Source Files</Filter>
    </ClCompile>
    <ClCompile Include="renderer.cpp">
      <Filter>Source Files</Filter>
    </ClCompile>
    <ClCompile Include="shader.cpp">
      <Filter>Source Files</Filter>
    </ClCompile>
    <ClCompile Include="mesh.cpp">
      <Filter>Source Files</Filter>
    </ClCompile>
    <ClCompile Include="model.cpp">
      <Filter>Source Files</Filter>
    </ClCompile>
    <ClCompile Include="stb_image.cpp">
      <Filter>Source Files</Filter>
    </ClCompile>
    <ClCompile Include="textloading.cpp">
      <Filter>Source Files</Filter>
    </ClCompile>
    <ClCompile Include="Camera.cpp">
      <Filter>Source Files</Filter>
    </ClCompile>
  </ItemGroup>
  <ItemGroup>
    <ClInclude Include="eyeball.hpp">
      <Filter>Header Files</Filter>
    </ClInclude>
    <ClInclude Include="ray.hpp">
      <Filter>Header Files</Filter>
    </ClInclude>
    <ClInclude Include="raysphere.hpp">
      <Filter>Header Files</Filter>
    </ClInclude>
    <ClInclude Include="world.hpp">
      <Filter>Header Files</Filter>
    </ClInclude>
    <ClInclude Include="renderer.hpp">
      <Filter>Header Files</Filter>
    </ClInclude>
    <ClInclude Include="shader.hpp">
      <Filter>Header Files</Filter>
    </ClInclude>
    <ClInclude Include="imageplane.hpp">
      <Filter>Header Files</Filter>
    </ClInclude>
    <ClInclude Include="camera.hpp">
      <Filter>Header Files</Filter>
    </ClInclude>
    <ClInclude Include="model.hpp">
      <Filter>Header Files\Modeling</Filter>
    </ClInclude>
    <ClInclude Include="mesh.hpp">
      <Filter>Header Files\Modeling</Filter>
    </ClInclude>
    <ClInclude Include="textloading.hpp">
      <Filter>Header Files\Modeling</Filter>
    </ClInclude>
    <ClInclude Include="stb_image.hpp">
      <Filter>Header Files\Dependencies</Filter>
    </ClInclude>
    <ClInclude Include="drawable.hpp">
      <Filter>Header Files</Filter>
    </ClInclude>
  </ItemGroup>
  <ItemGroup>
    <None Include="shader\eyeview_vert.glsl">
      <Filter>Resource Files</Filter>
    </None>
    <None Include="shader\eyeview_frag.glsl">
      <Filter>Resource Files</Filter>
    </None>
    <None Include="shader\3D_frag.glsl">
      <Filter>Resource Files</Filter>
    </None>
    <None Include="shader\3D_vert.glsl">
      <Filter>Resource Files</Filter>
    </None>
  </ItemGroup>
</Project>